// !$*UTF8*$!
{
	archiveVersion = 1;
	classes = {
	};
	objectVersion = 56;
	objects = {

/* Begin PBXBuildFile section */
		95FA0D7F2B595E6B00203D87 /* FlowStacksMemoryLeakApp.swift in Sources */ = {isa = PBXBuildFile; fileRef = 95FA0D7E2B595E6B00203D87 /* FlowStacksMemoryLeakApp.swift */; };
		95FA0D832B595E6C00203D87 /* Assets.xcassets in Resources */ = {isa = PBXBuildFile; fileRef = 95FA0D822B595E6C00203D87 /* Assets.xcassets */; };
		95FA0D862B595E6C00203D87 /* Preview Assets.xcassets in Resources */ = {isa = PBXBuildFile; fileRef = 95FA0D852B595E6C00203D87 /* Preview Assets.xcassets */; };
		95FA0D912B595EDA00203D87 /* MainCoordinatorViewModel.swift in Sources */ = {isa = PBXBuildFile; fileRef = 95FA0D902B595EDA00203D87 /* MainCoordinatorViewModel.swift */; };
		95FA0D932B595EE600203D87 /* MainCoordinatorView.swift in Sources */ = {isa = PBXBuildFile; fileRef = 95FA0D922B595EE600203D87 /* MainCoordinatorView.swift */; };
		95FA0D952B595EFC00203D87 /* MainCoordinatorScreen.swift in Sources */ = {isa = PBXBuildFile; fileRef = 95FA0D942B595EFC00203D87 /* MainCoordinatorScreen.swift */; };
		95FA0D982B595F3A00203D87 /* SplashViewModel.swift in Sources */ = {isa = PBXBuildFile; fileRef = 95FA0D972B595F3A00203D87 /* SplashViewModel.swift */; };
		95FA0D9A2B595F4700203D87 /* SplashView.swift in Sources */ = {isa = PBXBuildFile; fileRef = 95FA0D992B595F4700203D87 /* SplashView.swift */; };
		95FA0D9D2B59616B00203D87 /* TabBarCoordinatorViewModel.swift in Sources */ = {isa = PBXBuildFile; fileRef = 95FA0D9C2B59616B00203D87 /* TabBarCoordinatorViewModel.swift */; };
		95FA0D9F2B5961F500203D87 /* TabBarCoordinatorView.swift in Sources */ = {isa = PBXBuildFile; fileRef = 95FA0D9E2B5961F500203D87 /* TabBarCoordinatorView.swift */; };
		95FA0DA12B59678100203D87 /* CoordinatorModel.swift in Sources */ = {isa = PBXBuildFile; fileRef = 95FA0DA02B59678100203D87 /* CoordinatorModel.swift */; };
		95FA0DA32B5968D900203D87 /* RoutesPublishingObject.swift in Sources */ = {isa = PBXBuildFile; fileRef = 95FA0DA22B5968D900203D87 /* RoutesPublishingObject.swift */; };
		95FA0DAA2B59C15E00203D87 /* FlowStacks in Frameworks */ = {isa = PBXBuildFile; productRef = 95FA0DA92B59C15E00203D87 /* FlowStacks */; };
/* End PBXBuildFile section */

/* Begin PBXFileReference section */
		958505A32B5EB3820057A9C8 /* FlowStacks */ = {isa = PBXFileReference; lastKnownFileType = wrapper; name = FlowStacks; path = ../../../Downloads/FlowStacks; sourceTree = "<group>"; };
		95FA0D7B2B595E6B00203D87 /* FlowStacksMemoryLeak.app */ = {isa = PBXFileReference; explicitFileType = wrapper.application; includeInIndex = 0; path = FlowStacksMemoryLeak.app; sourceTree = BUILT_PRODUCTS_DIR; };
		95FA0D7E2B595E6B00203D87 /* FlowStacksMemoryLeakApp.swift */ = {isa = PBXFileReference; lastKnownFileType = sourcecode.swift; path = FlowStacksMemoryLeakApp.swift; sourceTree = "<group>"; };
		95FA0D822B595E6C00203D87 /* Assets.xcassets */ = {isa = PBXFileReference; lastKnownFileType = folder.assetcatalog; path = Assets.xcassets; sourceTree = "<group>"; };
		95FA0D852B595E6C00203D87 /* Preview Assets.xcassets */ = {isa = PBXFileReference; lastKnownFileType = folder.assetcatalog; path = "Preview Assets.xcassets"; sourceTree = "<group>"; };
		95FA0D902B595EDA00203D87 /* MainCoordinatorViewModel.swift */ = {isa = PBXFileReference; lastKnownFileType = sourcecode.swift; path = MainCoordinatorViewModel.swift; sourceTree = "<group>"; };
		95FA0D922B595EE600203D87 /* MainCoordinatorView.swift */ = {isa = PBXFileReference; lastKnownFileType = sourcecode.swift; path = MainCoordinatorView.swift; sourceTree = "<group>"; };
		95FA0D942B595EFC00203D87 /* MainCoordinatorScreen.swift */ = {isa = PBXFileReference; lastKnownFileType = sourcecode.swift; path = MainCoordinatorScreen.swift; sourceTree = "<group>"; };
		95FA0D972B595F3A00203D87 /* SplashViewModel.swift */ = {isa = PBXFileReference; lastKnownFileType = sourcecode.swift; path = SplashViewModel.swift; sourceTree = "<group>"; };
		95FA0D992B595F4700203D87 /* SplashView.swift */ = {isa = PBXFileReference; lastKnownFileType = sourcecode.swift; path = SplashView.swift; sourceTree = "<group>"; };
		95FA0D9C2B59616B00203D87 /* TabBarCoordinatorViewModel.swift */ = {isa = PBXFileReference; lastKnownFileType = sourcecode.swift; path = TabBarCoordinatorViewModel.swift; sourceTree = "<group>"; };
		95FA0D9E2B5961F500203D87 /* TabBarCoordinatorView.swift */ = {isa = PBXFileReference; lastKnownFileType = sourcecode.swift; path = TabBarCoordinatorView.swift; sourceTree = "<group>"; };
		95FA0DA02B59678100203D87 /* CoordinatorModel.swift */ = {isa = PBXFileReference; lastKnownFileType = sourcecode.swift; path = CoordinatorModel.swift; sourceTree = "<group>"; };
		95FA0DA22B5968D900203D87 /* RoutesPublishingObject.swift */ = {isa = PBXFileReference; lastKnownFileType = sourcecode.swift; path = RoutesPublishingObject.swift; sourceTree = "<group>"; };
/* End PBXFileReference section */

/* Begin PBXFrameworksBuildPhase section */
		95FA0D782B595E6B00203D87 /* Frameworks */ = {
			isa = PBXFrameworksBuildPhase;
			buildActionMask = 2147483647;
			files = (
				95FA0DAA2B59C15E00203D87 /* FlowStacks in Frameworks */,
			);
			runOnlyForDeploymentPostprocessing = 0;
		};
/* End PBXFrameworksBuildPhase section */

/* Begin PBXGroup section */
		958505A22B5EB3820057A9C8 /* Packages */ = {
			isa = PBXGroup;
			children = (
				958505A32B5EB3820057A9C8 /* FlowStacks */,
			);
			name = Packages;
			sourceTree = "<group>";
		};
		95FA0D722B595E6B00203D87 = {
			isa = PBXGroup;
			children = (
				958505A22B5EB3820057A9C8 /* Packages */,
				95FA0D7D2B595E6B00203D87 /* FlowStacksMemoryLeak */,
				95FA0D7C2B595E6B00203D87 /* Products */,
			);
			sourceTree = "<group>";
		};
		95FA0D7C2B595E6B00203D87 /* Products */ = {
			isa = PBXGroup;
			children = (
				95FA0D7B2B595E6B00203D87 /* FlowStacksMemoryLeak.app */,
			);
			name = Products;
			sourceTree = "<group>";
		};
		95FA0D7D2B595E6B00203D87 /* FlowStacksMemoryLeak */ = {
			isa = PBXGroup;
			children = (
				95FA0D9B2B59615800203D87 /* TabBar */,
				95FA0D962B595F2D00203D87 /* Splash */,
				95FA0D8F2B595ECF00203D87 /* Main */,
				95FA0D7E2B595E6B00203D87 /* FlowStacksMemoryLeakApp.swift */,
				95FA0D822B595E6C00203D87 /* Assets.xcassets */,
				95FA0D842B595E6C00203D87 /* Preview Content */,
				95FA0DA02B59678100203D87 /* CoordinatorModel.swift */,
				95FA0DA22B5968D900203D87 /* RoutesPublishingObject.swift */,
			);
			path = FlowStacksMemoryLeak;
			sourceTree = "<group>";
		};
		95FA0D842B595E6C00203D87 /* Preview Content */ = {
			isa = PBXGroup;
			children = (
				95FA0D852B595E6C00203D87 /* Preview Assets.xcassets */,
			);
			path = "Preview Content";
			sourceTree = "<group>";
		};
		95FA0D8F2B595ECF00203D87 /* Main */ = {
			isa = PBXGroup;
			children = (
				95FA0D902B595EDA00203D87 /* MainCoordinatorViewModel.swift */,
				95FA0D922B595EE600203D87 /* MainCoordinatorView.swift */,
				95FA0D942B595EFC00203D87 /* MainCoordinatorScreen.swift */,
			);
			path = Main;
			sourceTree = "<group>";
		};
		95FA0D962B595F2D00203D87 /* Splash */ = {
			isa = PBXGroup;
			children = (
				95FA0D972B595F3A00203D87 /* SplashViewModel.swift */,
				95FA0D992B595F4700203D87 /* SplashView.swift */,
			);
			path = Splash;
			sourceTree = "<group>";
		};
		95FA0D9B2B59615800203D87 /* TabBar */ = {
			isa = PBXGroup;
			children = (
				95FA0D9C2B59616B00203D87 /* TabBarCoordinatorViewModel.swift */,
				95FA0D9E2B5961F500203D87 /* TabBarCoordinatorView.swift */,
			);
			path = TabBar;
			sourceTree = "<group>";
		};
/* End PBXGroup section */

/* Begin PBXNativeTarget section */
		95FA0D7A2B595E6B00203D87 /* FlowStacksMemoryLeak */ = {
			isa = PBXNativeTarget;
			buildConfigurationList = 95FA0D892B595E6C00203D87 /* Build configuration list for PBXNativeTarget "FlowStacksMemoryLeak" */;
			buildPhases = (
				95FA0D772B595E6B00203D87 /* Sources */,
				95FA0D782B595E6B00203D87 /* Frameworks */,
				95FA0D792B595E6B00203D87 /* Resources */,
			);
			buildRules = (
			);
			dependencies = (
			);
			name = FlowStacksMemoryLeak;
			packageProductDependencies = (
				95FA0DA92B59C15E00203D87 /* FlowStacks */,
			);
			productName = FlowStacksMemoryLeak;
			productReference = 95FA0D7B2B595E6B00203D87 /* FlowStacksMemoryLeak.app */;
			productType = "com.apple.product-type.application";
		};
/* End PBXNativeTarget section */

/* Begin PBXProject section */
		95FA0D732B595E6B00203D87 /* Project object */ = {
			isa = PBXProject;
			attributes = {
				BuildIndependentTargetsInParallel = 1;
				LastSwiftUpdateCheck = 1430;
				LastUpgradeCheck = 1430;
				TargetAttributes = {
					95FA0D7A2B595E6B00203D87 = {
						CreatedOnToolsVersion = 14.3.1;
					};
				};
			};
			buildConfigurationList = 95FA0D762B595E6B00203D87 /* Build configuration list for PBXProject "FlowStacksMemoryLeak" */;
			compatibilityVersion = "Xcode 14.0";
			developmentRegion = en;
			hasScannedForEncodings = 0;
			knownRegions = (
				en,
				Base,
			);
			mainGroup = 95FA0D722B595E6B00203D87;
			packageReferences = (
				95FA0DA82B59C15E00203D87 /* XCRemoteSwiftPackageReference "FlowStacks" */,
			);
			productRefGroup = 95FA0D7C2B595E6B00203D87 /* Products */;
			projectDirPath = "";
			projectRoot = "";
			targets = (
				95FA0D7A2B595E6B00203D87 /* FlowStacksMemoryLeak */,
			);
		};
/* End PBXProject section */

/* Begin PBXResourcesBuildPhase section */
		95FA0D792B595E6B00203D87 /* Resources */ = {
			isa = PBXResourcesBuildPhase;
			buildActionMask = 2147483647;
			files = (
				95FA0D862B595E6C00203D87 /* Preview Assets.xcassets in Resources */,
				95FA0D832B595E6C00203D87 /* Assets.xcassets in Resources */,
			);
			runOnlyForDeploymentPostprocessing = 0;
		};
/* End PBXResourcesBuildPhase section */

/* Begin PBXSourcesBuildPhase section */
		95FA0D772B595E6B00203D87 /* Sources */ = {
			isa = PBXSourcesBuildPhase;
			buildActionMask = 2147483647;
			files = (
				95FA0D9F2B5961F500203D87 /* TabBarCoordinatorView.swift in Sources */,
				95FA0D932B595EE600203D87 /* MainCoordinatorView.swift in Sources */,
				95FA0D912B595EDA00203D87 /* MainCoordinatorViewModel.swift in Sources */,
				95FA0D9D2B59616B00203D87 /* TabBarCoordinatorViewModel.swift in Sources */,
				95FA0D9A2B595F4700203D87 /* SplashView.swift in Sources */,
				95FA0DA32B5968D900203D87 /* RoutesPublishingObject.swift in Sources */,
				95FA0D982B595F3A00203D87 /* SplashViewModel.swift in Sources */,
				95FA0DA12B59678100203D87 /* CoordinatorModel.swift in Sources */,
				95FA0D952B595EFC00203D87 /* MainCoordinatorScreen.swift in Sources */,
				95FA0D7F2B595E6B00203D87 /* FlowStacksMemoryLeakApp.swift in Sources */,
			);
			runOnlyForDeploymentPostprocessing = 0;
		};
/* End PBXSourcesBuildPhase section */

/* Begin XCBuildConfiguration section */
		95FA0D872B595E6C00203D87 /* Debug */ = {
			isa = XCBuildConfiguration;
			buildSettings = {
				ALWAYS_SEARCH_USER_PATHS = NO;
				CLANG_ANALYZER_NONNULL = YES;
				CLANG_ANALYZER_NUMBER_OBJECT_CONVERSION = YES_AGGRESSIVE;
				CLANG_CXX_LANGUAGE_STANDARD = "gnu++20";
				CLANG_ENABLE_MODULES = YES;
				CLANG_ENABLE_OBJC_ARC = YES;
				CLANG_ENABLE_OBJC_WEAK = YES;
				CLANG_WARN_BLOCK_CAPTURE_AUTORELEASING = YES;
				CLANG_WARN_BOOL_CONVERSION = YES;
				CLANG_WARN_COMMA = YES;
				CLANG_WARN_CONSTANT_CONVERSION = YES;
				CLANG_WARN_DEPRECATED_OBJC_IMPLEMENTATIONS = YES;
				CLANG_WARN_DIRECT_OBJC_ISA_USAGE = YES_ERROR;
				CLANG_WARN_DOCUMENTATION_COMMENTS = YES;
				CLANG_WARN_EMPTY_BODY = YES;
				CLANG_WARN_ENUM_CONVERSION = YES;
				CLANG_WARN_INFINITE_RECURSION = YES;
				CLANG_WARN_INT_CONVERSION = YES;
				CLANG_WARN_NON_LITERAL_NULL_CONVERSION = YES;
				CLANG_WARN_OBJC_IMPLICIT_RETAIN_SELF = YES;
				CLANG_WARN_OBJC_LITERAL_CONVERSION = YES;
				CLANG_WARN_OBJC_ROOT_CLASS = YES_ERROR;
				CLANG_WARN_QUOTED_INCLUDE_IN_FRAMEWORK_HEADER = YES;
				CLANG_WARN_RANGE_LOOP_ANALYSIS = YES;
				CLANG_WARN_STRICT_PROTOTYPES = YES;
				CLANG_WARN_SUSPICIOUS_MOVE = YES;
				CLANG_WARN_UNGUARDED_AVAILABILITY = YES_AGGRESSIVE;
				CLANG_WARN_UNREACHABLE_CODE = YES;
				CLANG_WARN__DUPLICATE_METHOD_MATCH = YES;
				COPY_PHASE_STRIP = NO;
				DEBUG_INFORMATION_FORMAT = dwarf;
				ENABLE_STRICT_OBJC_MSGSEND = YES;
				ENABLE_TESTABILITY = YES;
				GCC_C_LANGUAGE_STANDARD = gnu11;
				GCC_DYNAMIC_NO_PIC = NO;
				GCC_NO_COMMON_BLOCKS = YES;
				GCC_OPTIMIZATION_LEVEL = 0;
				GCC_PREPROCESSOR_DEFINITIONS = (
					"DEBUG=1",
					"$(inherited)",
				);
				GCC_WARN_64_TO_32_BIT_CONVERSION = YES;
				GCC_WARN_ABOUT_RETURN_TYPE = YES_ERROR;
				GCC_WARN_UNDECLARED_SELECTOR = YES;
				GCC_WARN_UNINITIALIZED_AUTOS = YES_AGGRESSIVE;
				GCC_WARN_UNUSED_FUNCTION = YES;
				GCC_WARN_UNUSED_VARIABLE = YES;
				IPHONEOS_DEPLOYMENT_TARGET = 16.4;
				MTL_ENABLE_DEBUG_INFO = INCLUDE_SOURCE;
				MTL_FAST_MATH = YES;
				ONLY_ACTIVE_ARCH = YES;
				SDKROOT = iphoneos;
				SWIFT_ACTIVE_COMPILATION_CONDITIONS = DEBUG;
				SWIFT_OPTIMIZATION_LEVEL = "-Onone";
			};
			name = Debug;
		};
		95FA0D882B595E6C00203D87 /* Release */ = {
			isa = XCBuildConfiguration;
			buildSettings = {
				ALWAYS_SEARCH_USER_PATHS = NO;
				CLANG_ANALYZER_NONNULL = YES;
				CLANG_ANALYZER_NUMBER_OBJECT_CONVERSION = YES_AGGRESSIVE;
				CLANG_CXX_LANGUAGE_STANDARD = "gnu++20";
				CLANG_ENABLE_MODULES = YES;
				CLANG_ENABLE_OBJC_ARC = YES;
				CLANG_ENABLE_OBJC_WEAK = YES;
				CLANG_WARN_BLOCK_CAPTURE_AUTORELEASING = YES;
				CLANG_WARN_BOOL_CONVERSION = YES;
				CLANG_WARN_COMMA = YES;
				CLANG_WARN_CONSTANT_CONVERSION = YES;
				CLANG_WARN_DEPRECATED_OBJC_IMPLEMENTATIONS = YES;
				CLANG_WARN_DIRECT_OBJC_ISA_USAGE = YES_ERROR;
				CLANG_WARN_DOCUMENTATION_COMMENTS = YES;
				CLANG_WARN_EMPTY_BODY = YES;
				CLANG_WARN_ENUM_CONVERSION = YES;
				CLANG_WARN_INFINITE_RECURSION = YES;
				CLANG_WARN_INT_CONVERSION = YES;
				CLANG_WARN_NON_LITERAL_NULL_CONVERSION = YES;
				CLANG_WARN_OBJC_IMPLICIT_RETAIN_SELF = YES;
				CLANG_WARN_OBJC_LITERAL_CONVERSION = YES;
				CLANG_WARN_OBJC_ROOT_CLASS = YES_ERROR;
				CLANG_WARN_QUOTED_INCLUDE_IN_FRAMEWORK_HEADER = YES;
				CLANG_WARN_RANGE_LOOP_ANALYSIS = YES;
				CLANG_WARN_STRICT_PROTOTYPES = YES;
				CLANG_WARN_SUSPICIOUS_MOVE = YES;
				CLANG_WARN_UNGUARDED_AVAILABILITY = YES_AGGRESSIVE;
				CLANG_WARN_UNREACHABLE_CODE = YES;
				CLANG_WARN__DUPLICATE_METHOD_MATCH = YES;
				COPY_PHASE_STRIP = NO;
				DEBUG_INFORMATION_FORMAT = "dwarf-with-dsym";
				ENABLE_NS_ASSERTIONS = NO;
				ENABLE_STRICT_OBJC_MSGSEND = YES;
				GCC_C_LANGUAGE_STANDARD = gnu11;
				GCC_NO_COMMON_BLOCKS = YES;
				GCC_WARN_64_TO_32_BIT_CONVERSION = YES;
				GCC_WARN_ABOUT_RETURN_TYPE = YES_ERROR;
				GCC_WARN_UNDECLARED_SELECTOR = YES;
				GCC_WARN_UNINITIALIZED_AUTOS = YES_AGGRESSIVE;
				GCC_WARN_UNUSED_FUNCTION = YES;
				GCC_WARN_UNUSED_VARIABLE = YES;
				IPHONEOS_DEPLOYMENT_TARGET = 16.4;
				MTL_ENABLE_DEBUG_INFO = NO;
				MTL_FAST_MATH = YES;
				SDKROOT = iphoneos;
				SWIFT_COMPILATION_MODE = wholemodule;
				SWIFT_OPTIMIZATION_LEVEL = "-O";
				VALIDATE_PRODUCT = YES;
			};
			name = Release;
		};
		95FA0D8A2B595E6C00203D87 /* Debug */ = {
			isa = XCBuildConfiguration;
			buildSettings = {
				ASSETCATALOG_COMPILER_APPICON_NAME = AppIcon;
				ASSETCATALOG_COMPILER_GLOBAL_ACCENT_COLOR_NAME = AccentColor;
				CODE_SIGN_STYLE = Automatic;
				CURRENT_PROJECT_VERSION = 1;
				DEVELOPMENT_ASSET_PATHS = "\"FlowStacksMemoryLeak/Preview Content\"";
				DEVELOPMENT_TEAM = ENA8ANA2C3;
				ENABLE_PREVIEWS = YES;
				GENERATE_INFOPLIST_FILE = YES;
				INFOPLIST_KEY_UIApplicationSceneManifest_Generation = YES;
				INFOPLIST_KEY_UIApplicationSupportsIndirectInputEvents = YES;
				INFOPLIST_KEY_UILaunchScreen_Generation = YES;
				INFOPLIST_KEY_UISupportedInterfaceOrientations_iPad = "UIInterfaceOrientationPortrait UIInterfaceOrientationPortraitUpsideDown UIInterfaceOrientationLandscapeLeft UIInterfaceOrientationLandscapeRight";
				INFOPLIST_KEY_UISupportedInterfaceOrientations_iPhone = "UIInterfaceOrientationPortrait UIInterfaceOrientationLandscapeLeft UIInterfaceOrientationLandscapeRight";
				LD_RUNPATH_SEARCH_PATHS = (
					"$(inherited)",
					"@executable_path/Frameworks",
				);
				MARKETING_VERSION = 1.0;
				PRODUCT_BUNDLE_IDENTIFIER = com.manuelschulze.FlowStacksMemoryLeak;
				PRODUCT_NAME = "$(TARGET_NAME)";
				SWIFT_EMIT_LOC_STRINGS = YES;
				SWIFT_VERSION = 5.0;
				TARGETED_DEVICE_FAMILY = "1,2";
			};
			name = Debug;
		};
		95FA0D8B2B595E6C00203D87 /* Release */ = {
			isa = XCBuildConfiguration;
			buildSettings = {
				ASSETCATALOG_COMPILER_APPICON_NAME = AppIcon;
				ASSETCATALOG_COMPILER_GLOBAL_ACCENT_COLOR_NAME = AccentColor;
				CODE_SIGN_STYLE = Automatic;
				CURRENT_PROJECT_VERSION = 1;
				DEVELOPMENT_ASSET_PATHS = "\"FlowStacksMemoryLeak/Preview Content\"";
				DEVELOPMENT_TEAM = ENA8ANA2C3;
				ENABLE_PREVIEWS = YES;
				GENERATE_INFOPLIST_FILE = YES;
				INFOPLIST_KEY_UIApplicationSceneManifest_Generation = YES;
				INFOPLIST_KEY_UIApplicationSupportsIndirectInputEvents = YES;
				INFOPLIST_KEY_UILaunchScreen_Generation = YES;
				INFOPLIST_KEY_UISupportedInterfaceOrientations_iPad = "UIInterfaceOrientationPortrait UIInterfaceOrientationPortraitUpsideDown UIInterfaceOrientationLandscapeLeft UIInterfaceOrientationLandscapeRight";
				INFOPLIST_KEY_UISupportedInterfaceOrientations_iPhone = "UIInterfaceOrientationPortrait UIInterfaceOrientationLandscapeLeft UIInterfaceOrientationLandscapeRight";
				LD_RUNPATH_SEARCH_PATHS = (
					"$(inherited)",
					"@executable_path/Frameworks",
				);
				MARKETING_VERSION = 1.0;
				PRODUCT_BUNDLE_IDENTIFIER = com.manuelschulze.FlowStacksMemoryLeak;
				PRODUCT_NAME = "$(TARGET_NAME)";
				SWIFT_EMIT_LOC_STRINGS = YES;
				SWIFT_VERSION = 5.0;
				TARGETED_DEVICE_FAMILY = "1,2";
			};
			name = Release;
		};
/* End XCBuildConfiguration section */

/* Begin XCConfigurationList section */
		95FA0D762B595E6B00203D87 /* Build configuration list for PBXProject "FlowStacksMemoryLeak" */ = {
			isa = XCConfigurationList;
			buildConfigurations = (
				95FA0D872B595E6C00203D87 /* Debug */,
				95FA0D882B595E6C00203D87 /* Release */,
			);
			defaultConfigurationIsVisible = 0;
			defaultConfigurationName = Release;
		};
		95FA0D892B595E6C00203D87 /* Build configuration list for PBXNativeTarget "FlowStacksMemoryLeak" */ = {
			isa = XCConfigurationList;
			buildConfigurations = (
				95FA0D8A2B595E6C00203D87 /* Debug */,
				95FA0D8B2B595E6C00203D87 /* Release */,
			);
			defaultConfigurationIsVisible = 0;
			defaultConfigurationName = Release;
		};
/* End XCConfigurationList section */

/* Begin XCRemoteSwiftPackageReference section */
		95FA0DA82B59C15E00203D87 /* XCRemoteSwiftPackageReference "FlowStacks" */ = {
			isa = XCRemoteSwiftPackageReference;
			repositoryURL = "https://github.com/johnpatrickmorgan/FlowStacks";
			requirement = {
				kind = upToNextMajorVersion;
				minimumVersion = 0.3.8;
			};
		};
/* End XCRemoteSwiftPackageReference section */

/* Begin XCSwiftPackageProductDependency section */
		95FA0DA92B59C15E00203D87 /* FlowStacks */ = {
			isa = XCSwiftPackageProductDependency;
			package = 95FA0DA82B59C15E00203D87 /* XCRemoteSwiftPackageReference "FlowStacks" */;
			productName = FlowStacks;
		};
/* End XCSwiftPackageProductDependency section */
	};
	rootObject = 95FA0D732B595E6B00203D87 /* Project object */;
}
