{
  "pins" : [
    {
      "identity" : "flowstacks",
      "kind" : "remoteSourceControl",
      "location" : "https://github.com/johnpatrickmorgan/FlowStacks",
      "state" : {
        "revision" : "9629bd329146d4ba476bfdb50d293acbf8ba3f5d",
        "version" : "0.3.8"
      }
    }
  ],
  "version" : 2
}
